{
  "version": 4,
  "terraform_version": "1.2.4",
  "serial": 3,
  "lineage": "93d801ea-8dd7-d237-b650-27ff9a63084d",
  "outputs": {
    "aws_vpc_vpcTest_id": {
      "value": "vpc-0baa84778621f4ff6",
      "type": "string"
    }
  },
  "resources": [
    {
      "mode": "managed",
      "type": "aws_vpc",
      "name": "vpcTest",
      "provider": "provider[\"registry.terraform.io/hashicorp/aws\"]",
      "instances": [
        {
          "schema_version": 1,
          "attributes": {
            "arn": "arn:aws:ec2:eu-west-2:779027354010:vpc/vpc-0baa84778621f4ff6",
            "assign_generated_ipv6_cidr_block": false,
            "cidr_block": "172.31.0.0/16",
            "default_network_acl_id": "acl-0a933a77bd71bbe0a",
            "default_route_table_id": "rtb-06e23fbfbd41212e9",
            "default_security_group_id": "sg-0461791750ccd9983",
            "dhcp_options_id": "dopt-0792f9d9f3aa8f4ea",
            "enable_classiclink": false,
            "enable_classiclink_dns_support": false,
            "enable_dns_hostnames": true,
            "enable_dns_support": true,
            "id": "vpc-0baa84778621f4ff6",
            "instance_tenancy": "default",
            "ipv4_ipam_pool_id": null,
            "ipv4_netmask_length": null,
            "ipv6_association_id": "",
            "ipv6_cidr_block": "",
            "ipv6_cidr_block_network_border_group": "",
            "ipv6_ipam_pool_id": "",
            "ipv6_netmask_length": 0,
            "main_route_table_id": "rtb-06e23fbfbd41212e9",
            "owner_id": "779027354010",
            "tags": {
              "Name": "testVPC-60a0201b"
            },
            "tags_all": {
              "Name": "testVPC-60a0201b"
            }
          },
          "sensitive_attributes": [],
          "private": "eyJzY2hlbWFfdmVyc2lvbiI6IjEifQ==",
          "dependencies": [
            "random_id.id"
          ]
        }
      ]
    },
    {
      "mode": "managed",
      "type": "random_id",
      "name": "id",
      "provider": "provider[\"registry.terraform.io/hashicorp/random\"]",
      "instances": [
        {
          "schema_version": 0,
          "attributes": {
            "b64_std": "YKAgGw==",
            "b64_url": "YKAgGw",
            "byte_length": 4,
            "dec": "1621106715",
            "hex": "60a0201b",
            "id": "YKAgGw",
            "keepers": null,
            "prefix": null
          },
          "sensitive_attributes": [],
          "private": "bnVsbA=="
        }
      ]
    }
  ]
}
